NeoBundleLock Lucius 7ed02d3e4a8f2cfeda03ac67cf6879098cbc068a
NeoBundleLock Zenburn 33e67af2418e4775c2a7abc6e8fef401e697e1eb
NeoBundleLock jellybeans.vim f931895c20681684278aef2ffd810730b9c36ec3
NeoBundleLock molokai db8ce13b3737d3ddea8368498183d7c204a762eb
NeoBundleLock mrkn256.vim 038b1839405a32e2547289e9d0cdc666d874a6fb
NeoBundleLock mustang-vim 6533d7d21bf27cae94d9c2caa575f627f003dfd5
NeoBundleLock neobundle.vim 2f94664b624bc29a40fae51d38b5e922a55b85db
NeoBundleLock nerdtree 86e2e40af161e65a3ad671214f16f23af360a5a7
NeoBundleLock unite-colorscheme 3aa33866a183f7659594a3f6b66b2334eaebc6a0
NeoBundleLock unite-qfixhowm 88b673b6c422ee83b9ff7dc23206daec269918d2
NeoBundleLock unite.vim c3265691a917aa22ae18ed422f255d5f0e43d2ec
NeoBundleLock vim-colors-solarized 528a59f26d12278698bb946f8fb82a63711eec21
NeoBundleLock vim-colors-wombat fb44c8db8563946de191b1856e3cfffe0cdb622d
NeoBundleLock vim-pyte a1071f30656b26645b69f59e1e05257829a39620
NeoBundleLock vim-railscasts-theme b09adffc4f23dab82e9005c6f12635210485da8a
NeoBundleLock vimfiler.vim d353fa03b6be6f3b4a40c57238f783df6e90a270
NeoBundleLock vimproc 6b8b3c724e161f39c0938046a2072f9668fc802b
